
Microsoft Visual Studio Solution File, Format Version 12.00
# Visual Studio 15
VisualStudioVersion = 15.0.26730.12
MinimumVisualStudioVersion = 10.0.40219.1
Project("{8BC9CEB8-8B4A-11D0-8D11-00A0C91BC942}") = "config2", "config2.vcxproj", "{9B534CA3-A95B-44DB-8D9D-C42F1325D7D6}"
EndProject
Global
	GlobalSection(SolutionConfigurationPlatforms) = preSolution
		Debug|x64 = Debug|x64
		Debug|x86 = Debug|x86
		Release|x64 = Release|x64
		Release|x86 = Release|x86
	EndGlobalSection
	GlobalSection(ProjectConfigurationPlatforms) = postSolution
		{9B534CA3-A95B-44DB-8D9D-C42F1325D7D6}.Debug|x64.ActiveCfg = Debug|x64
		{9B534CA3-A95B-44DB-8D9D-C42F1325D7D6}.Debug|x64.Build.0 = Debug|x64
		{9B534CA3-A95B-44DB-8D9D-C42F1325D7D6}.Debug|x86.ActiveCfg = Debug|Win32
		{9B534CA3-A95B-44DB-8D9D-C42F1325D7D6}.Debug|x86.Build.0 = Debug|Win32
		{9B534CA3-A95B-44DB-8D9D-C42F1325D7D6}.Release|x64.ActiveCfg = Release|x64
		{9B534CA3-A95B-44DB-8D9D-C42F1325D7D6}.Release|x64.Build.0 = Release|x64
		{9B534CA3-A95B-44DB-8D9D-C42F1325D7D6}.Release|x86.ActiveCfg = Release|Win32
		{9B534CA3-A95B-44DB-8D9D-C42F1325D7D6}.Release|x86.Build.0 = Release|Win32
	EndGlobalSection
	GlobalSection(SolutionProperties) = preSolution
		HideSolutionNode = FALSE
	EndGlobalSection
	GlobalSection(ExtensibilityGlobals) = postSolution
		SolutionGuid = {994C3EF4-2927-413C-8EE2-AFCE429031C6}
	EndGlobalSection
EndGlobal
